
Microsoft Visual Studio Solution File, Format Version 12.00
# Visual Studio Version 17
VisualStudioVersion = 17.9.34723.18
MinimumVisualStudioVersion = 10.0.40219.1
Project("{9A19103F-16F7-4668-BE54-9A1E7A4F7556}") = "Hexgen.Utils", "E:\Hexgen.Products\Hexgen.Utils\trunk\SourceCode\Hexgen.Utils\Hexgen.Utils.csproj", "{AAC2621E-33D4-4294-9EA6-FE1100BC88CE}"
EndProject
Project("{FAE04EC0-301F-11D3-BF4B-00C04F79EFBC}") = "XmlDeserialize_Demo", "XmlDeserialize_Demo\XmlDeserialize_Demo.csproj", "{76D7520C-E95C-45A7-B45A-FDCB3F2C6806}"
EndProject
Global
	GlobalSection(SolutionConfigurationPlatforms) = preSolution
		Debug|Any CPU = Debug|Any CPU
		Release|Any CPU = Release|Any CPU
	EndGlobalSection
	GlobalSection(ProjectConfigurationPlatforms) = postSolution
		{AAC2621E-33D4-4294-9EA6-FE1100BC88CE}.Debug|Any CPU.ActiveCfg = Debug|Any CPU
		{AAC2621E-33D4-4294-9EA6-FE1100BC88CE}.Debug|Any CPU.Build.0 = Debug|Any CPU
		{AAC2621E-33D4-4294-9EA6-FE1100BC88CE}.Release|Any CPU.ActiveCfg = Release|Any CPU
		{AAC2621E-33D4-4294-9EA6-FE1100BC88CE}.Release|Any CPU.Build.0 = Release|Any CPU
		{76D7520C-E95C-45A7-B45A-FDCB3F2C6806}.Debug|Any CPU.ActiveCfg = Debug|Any CPU
		{76D7520C-E95C-45A7-B45A-FDCB3F2C6806}.Debug|Any CPU.Build.0 = Debug|Any CPU
		{76D7520C-E95C-45A7-B45A-FDCB3F2C6806}.Release|Any CPU.ActiveCfg = Release|Any CPU
		{76D7520C-E95C-45A7-B45A-FDCB3F2C6806}.Release|Any CPU.Build.0 = Release|Any CPU
	EndGlobalSection
	GlobalSection(SolutionProperties) = preSolution
		HideSolutionNode = FALSE
	EndGlobalSection
	GlobalSection(ExtensibilityGlobals) = postSolution
		SolutionGuid = {483D63A1-F6A6-45EF-B038-A0C6E0F24C81}
	EndGlobalSection
EndGlobal
